
Microsoft Visual Studio Solution File, Format Version 12.00
# Visual Studio Version 17
VisualStudioVersion = 17.4.33213.308
MinimumVisualStudioVersion = 10.0.40219.1
Project("{FAE04EC0-301F-11D3-BF4B-00C04F79EFBC}") = "FilmFinderTwo", "FilmFinderTwo\FilmFinderTwo.csproj", "{934BF88E-E037-4518-A0FD-52478E0EA43D}"
EndProject
Global
	GlobalSection(SolutionConfigurationPlatforms) = preSolution
		Debug|Any CPU = Debug|Any CPU
		Release|Any CPU = Release|Any CPU
	EndGlobalSection
	GlobalSection(ProjectConfigurationPlatforms) = postSolution
		{934BF88E-E037-4518-A0FD-52478E0EA43D}.Debug|Any CPU.ActiveCfg = Debug|Any CPU
		{934BF88E-E037-4518-A0FD-52478E0EA43D}.Debug|Any CPU.Build.0 = Debug|Any CPU
		{934BF88E-E037-4518-A0FD-52478E0EA43D}.Release|Any CPU.ActiveCfg = Release|Any CPU
		{934BF88E-E037-4518-A0FD-52478E0EA43D}.Release|Any CPU.Build.0 = Release|Any CPU
	EndGlobalSection
	GlobalSection(SolutionProperties) = preSolution
		HideSolutionNode = FALSE
	EndGlobalSection
	GlobalSection(ExtensibilityGlobals) = postSolution
		SolutionGuid = {C20B4F24-06CB-41EE-A71C-F7F28C7B11F2}
	EndGlobalSection
EndGlobal
